
Microsoft Visual Studio Solution File, Format Version 12.00
# Visual Studio 15
VisualStudioVersion = 15.0.27004.2008
MinimumVisualStudioVersion = 10.0.40219.1
Project("{FAE04EC0-301F-11D3-BF4B-00C04F79EFBC}") = "CLIENT", "CLIENT\CLIENT.csproj", "{B710F9A4-688E-4FDB-B553-159AC244026D}"
EndProject
Project("{FAE04EC0-301F-11D3-BF4B-00C04F79EFBC}") = "SERVER", "SERVER\SERVER.csproj", "{516E39F8-2282-4C0C-9C07-2F92C10C2FF1}"
EndProject
Global
	GlobalSection(SolutionConfigurationPlatforms) = preSolution
		Debug|Any CPU = Debug|Any CPU
		Release|Any CPU = Release|Any CPU
	EndGlobalSection
	GlobalSection(ProjectConfigurationPlatforms) = postSolution
		{B710F9A4-688E-4FDB-B553-159AC244026D}.Debug|Any CPU.ActiveCfg = Debug|Any CPU
		{B710F9A4-688E-4FDB-B553-159AC244026D}.Debug|Any CPU.Build.0 = Debug|Any CPU
		{B710F9A4-688E-4FDB-B553-159AC244026D}.Release|Any CPU.ActiveCfg = Release|Any CPU
		{B710F9A4-688E-4FDB-B553-159AC244026D}.Release|Any CPU.Build.0 = Release|Any CPU
		{516E39F8-2282-4C0C-9C07-2F92C10C2FF1}.Debug|Any CPU.ActiveCfg = Debug|Any CPU
		{516E39F8-2282-4C0C-9C07-2F92C10C2FF1}.Debug|Any CPU.Build.0 = Debug|Any CPU
		{516E39F8-2282-4C0C-9C07-2F92C10C2FF1}.Release|Any CPU.ActiveCfg = Release|Any CPU
		{516E39F8-2282-4C0C-9C07-2F92C10C2FF1}.Release|Any CPU.Build.0 = Release|Any CPU
	EndGlobalSection
	GlobalSection(SolutionProperties) = preSolution
		HideSolutionNode = FALSE
	EndGlobalSection
	GlobalSection(ExtensibilityGlobals) = postSolution
		SolutionGuid = {C7217BB0-3E08-4AFD-BDB7-C0DD1AF6AC35}
	EndGlobalSection
EndGlobal
