
Microsoft Visual Studio Solution File, Format Version 12.00
# Visual Studio 15
VisualStudioVersion = 15.0.27004.2008
MinimumVisualStudioVersion = 10.0.40219.1
Project("{FAE04EC0-301F-11D3-BF4B-00C04F79EFBC}") = "SERVER", "SERVER\SERVER.csproj", "{40C8D94B-02DD-4229-9C16-83DAAE6ED477}"
EndProject
Project("{FAE04EC0-301F-11D3-BF4B-00C04F79EFBC}") = "CLIENT", "CLIENT\CLIENT.csproj", "{0DCD0CBD-C555-4345-912F-202CFB657E06}"
EndProject
Global
	GlobalSection(SolutionConfigurationPlatforms) = preSolution
		Debug|Any CPU = Debug|Any CPU
		Release|Any CPU = Release|Any CPU
	EndGlobalSection
	GlobalSection(ProjectConfigurationPlatforms) = postSolution
		{40C8D94B-02DD-4229-9C16-83DAAE6ED477}.Debug|Any CPU.ActiveCfg = Debug|Any CPU
		{40C8D94B-02DD-4229-9C16-83DAAE6ED477}.Debug|Any CPU.Build.0 = Debug|Any CPU
		{40C8D94B-02DD-4229-9C16-83DAAE6ED477}.Release|Any CPU.ActiveCfg = Release|Any CPU
		{40C8D94B-02DD-4229-9C16-83DAAE6ED477}.Release|Any CPU.Build.0 = Release|Any CPU
		{0DCD0CBD-C555-4345-912F-202CFB657E06}.Debug|Any CPU.ActiveCfg = Debug|Any CPU
		{0DCD0CBD-C555-4345-912F-202CFB657E06}.Debug|Any CPU.Build.0 = Debug|Any CPU
		{0DCD0CBD-C555-4345-912F-202CFB657E06}.Release|Any CPU.ActiveCfg = Release|Any CPU
		{0DCD0CBD-C555-4345-912F-202CFB657E06}.Release|Any CPU.Build.0 = Release|Any CPU
	EndGlobalSection
	GlobalSection(SolutionProperties) = preSolution
		HideSolutionNode = FALSE
	EndGlobalSection
	GlobalSection(ExtensibilityGlobals) = postSolution
		SolutionGuid = {813D0008-FA3C-4173-9F83-AA9401D418A0}
	EndGlobalSection
EndGlobal
